
Microsoft Visual Studio Solution File, Format Version 12.00
# Visual Studio Version 16
VisualStudioVersion = 16.0.28803.352
MinimumVisualStudioVersion = 10.0.40219.1
Project("{FAE04EC0-301F-11D3-BF4B-00C04F79EFBC}") = "ToDo", "ToDo\ToDo.csproj", "{0CDB4387-0A24-46A1-9972-704C6D6A707D}"
EndProject
Global
	GlobalSection(SolutionConfigurationPlatforms) = preSolution
		Debug|Any CPU = Debug|Any CPU
		Release|Any CPU = Release|Any CPU
	EndGlobalSection
	GlobalSection(ProjectConfigurationPlatforms) = postSolution
		{0CDB4387-0A24-46A1-9972-704C6D6A707D}.Debug|Any CPU.ActiveCfg = Debug|Any CPU
		{0CDB4387-0A24-46A1-9972-704C6D6A707D}.Debug|Any CPU.Build.0 = Debug|Any CPU
		{0CDB4387-0A24-46A1-9972-704C6D6A707D}.Release|Any CPU.ActiveCfg = Release|Any CPU
		{0CDB4387-0A24-46A1-9972-704C6D6A707D}.Release|Any CPU.Build.0 = Release|Any CPU
	EndGlobalSection
	GlobalSection(SolutionProperties) = preSolution
		HideSolutionNode = FALSE
	EndGlobalSection
	GlobalSection(ExtensibilityGlobals) = postSolution
		SolutionGuid = {39830AD1-1E69-4754-8297-5E66C219C706}
	EndGlobalSection
EndGlobal
